{
  "name": "magicecole_design",
  "version": "1.0.0",
  "lockfileVersion": 1,
  "requires": true,
  "dependencies": {
    "@kurkle/color": {
      "version": "0.1.9",
      "resolved": "https://registry.npmjs.org/@kurkle/color/-/color-0.1.9.tgz",
      "integrity": "sha512-K3Aul4Ct6O48yWw0/az5rqk2K76oNXXX3Su32Xkh4SfMFvPt0QEkq0Q6+3icE5S3U2c88WAuq3Vh1Iaz4aUH+w=="
    },
    "chart.js": {
      "version": "3.0.2",
      "resolved": "https://registry.npmjs.org/chart.js/-/chart.js-3.0.2.tgz",
      "integrity": "sha512-DR0GmFSlxcFJp/w//ZmbxSduAkH/AqwxoiZxK97KHnWZf6gvsKWS3160WvNMMHYvzW9OXqGWjPjVh1Qu+xDabg=="
    },
    "data-utils": {
      "version": "0.0.2",
      "resolved": "https://registry.npmjs.org/data-utils/-/data-utils-0.0.2.tgz",
      "integrity": "sha1-ECYt4wJ2QC1R7OERLpHdWpsBY9k="
    },
    "tui-code-snippet": {
      "version": "2.3.2",
      "resolved": "https://registry.npmjs.org/tui-code-snippet/-/tui-code-snippet-2.3.2.tgz",
      "integrity": "sha512-6jGbM/m7A2L59lJSripwMVp87awrWgJXezlLV8GuAha3s0k01E4+MndoU5WlXd4dauVRgzHhKguTVslx/jMehw=="
    },
    "tui-date-picker": {
      "version": "4.2.0",
      "resolved": "https://registry.npmjs.org/tui-date-picker/-/tui-date-picker-4.2.0.tgz",
      "integrity": "sha512-SDI3RRWOimhIAVRC23fpwxpp7q1wJu+fzNZYgOw2OyAYTa+R2oOjqUHzHEIK4OBMiasvHwWUyIztnAXoizQUeA==",
      "requires": {
        "tui-time-picker": "^2.0.3"
      }
    },
    "tui-grid": {
      "version": "4.17.2",
      "resolved": "https://registry.npmjs.org/tui-grid/-/tui-grid-4.17.2.tgz",
      "integrity": "sha512-tVMs0m8duHZ+SCFVJM+XHMgS0gSWqUaRiasWJ4nPJ9V9NstUVm08vqMDzdXrpMLqyroLS2rwfLIIt2MPYmIzfA==",
      "requires": {
        "tui-date-picker": "^4.1.0",
        "tui-pagination": "^3.4.0"
      }
    },
    "tui-pagination": {
      "version": "3.4.0",
      "resolved": "https://registry.npmjs.org/tui-pagination/-/tui-pagination-3.4.0.tgz",
      "integrity": "sha512-jqIeVsESOFsQfywaM58ex/P3X28lvoUVPeH/5XamfWdDMssIUdHjKy9bsJJEBgeYJPLoNenn0toXJFha2mcsTQ==",
      "requires": {
        "tui-code-snippet": "^2.2.0"
      }
    },
    "tui-time-picker": {
      "version": "2.0.3",
      "resolved": "https://registry.npmjs.org/tui-time-picker/-/tui-time-picker-2.0.3.tgz",
      "integrity": "sha512-S9pkPyAhixYMYsWIA/acaLBuoFBJGohWl9sQyWzSupqEYY4s+QNStl3kJ76Q29VkTl51+LrXm+0SJ1inP0Sheg==",
      "requires": {
        "tui-code-snippet": "^2.2.0"
      }
    }
  }
}
